{
    "_readme": [
        "This file locks the dependencies of your project to a known state",
        "Read more about it at https://getcomposer.org/doc/01-basic-usage.md#installing-dependencies",
        "This file is @generated automatically"
    ],
    "content-hash": "bedbcea9f97715ecb716ffdb0892cc5a",
    "packages": [
        {
            "name": "phpstan/extension-installer",
            "version": "1.1.0",
            "source": {
                "type": "git",
                "url": "https://github.com/phpstan/extension-installer.git",
                "reference": "66c7adc9dfa38b6b5838a9fb728b68a7d8348051"
            },
            "dist": {
                "type": "zip",
                "url": "https://api.github.com/repos/phpstan/extension-installer/zipball/66c7adc9dfa38b6b5838a9fb728b68a7d8348051",
                "reference": "66c7adc9dfa38b6b5838a9fb728b68a7d8348051",
                "shasum": ""
            },
            "require": {
                "composer-plugin-api": "^1.1 || ^2.0",
                "php": "^7.1 || ^8.0",
                "phpstan/phpstan": ">=0.11.6"
            },
            "require-dev": {
                "composer/composer": "^1.8",
                "phing/phing": "^2.16.3",
                "php-parallel-lint/php-parallel-lint": "^1.2.0",
                "phpstan/phpstan-strict-rules": "^0.11 || ^0.12"
            },
            "type": "composer-plugin",
            "extra": {
                "class": "PHPStan\\ExtensionInstaller\\Plugin"
            },
            "autoload": {
                "psr-4": {
                    "PHPStan\\ExtensionInstaller\\": "src/"
                }
            },
            "notification-url": "https://packagist.org/downloads/",
            "license": [
                "MIT"
            ],
            "description": "Composer plugin for automatic installation of PHPStan extensions",
            "support": {
                "issues": "https://github.com/phpstan/extension-installer/issues",
                "source": "https://github.com/phpstan/extension-installer/tree/1.1.0"
            },
            "time": "2020-12-13T13:06:13+00:00"
        },
        {
            "name": "phpstan/phpstan",
            "version": "0.12.99",
            "source": {
                "type": "git",
                "url": "https://github.com/phpstan/phpstan.git",
                "reference": "b4d40f1d759942f523be267a1bab6884f46ca3f7"
            },
            "dist": {
                "type": "zip",
                "url": "https://api.github.com/repos/phpstan/phpstan/zipball/b4d40f1d759942f523be267a1bab6884f46ca3f7",
                "reference": "b4d40f1d759942f523be267a1bab6884f46ca3f7",
                "shasum": ""
            },
            "require": {
                "php": "^7.1|^8.0"
            },
            "conflict": {
                "phpstan/phpstan-shim": "*"
            },
            "bin": [
                "phpstan",
                "phpstan.phar"
            ],
            "type": "library",
            "extra": {
                "branch-alias": {
                    "dev-master": "0.12-dev"
                }
            },
            "autoload": {
                "files": [
                    "bootstrap.php"
                ]
            },
            "notification-url": "https://packagist.org/downloads/",
            "license": [
                "MIT"
            ],
            "description": "PHPStan - PHP Static Analysis Tool",
            "support": {
                "issues": "https://github.com/phpstan/phpstan/issues",
                "source": "https://github.com/phpstan/phpstan/tree/0.12.99"
            },
            "funding": [
                {
                    "url": "https://github.com/ondrejmirtes",
                    "type": "github"
                },
                {
                    "url": "https://github.com/phpstan",
                    "type": "github"
                },
                {
                    "url": "https://www.patreon.com/phpstan",
                    "type": "patreon"
                },
                {
                    "url": "https://tidelift.com/funding/github/packagist/phpstan/phpstan",
                    "type": "tidelift"
                }
            ],
            "time": "2021-09-12T20:09:55+00:00"
        },
        {
            "name": "phpstan/phpstan-doctrine",
            "version": "0.12.44",
            "source": {
                "type": "git",
                "url": "https://github.com/phpstan/phpstan-doctrine.git",
                "reference": "5fe9a9b15707d9bc5178fa7cf0899e904d112ccd"
            },
            "dist": {
                "type": "zip",
                "url": "https://api.github.com/repos/phpstan/phpstan-doctrine/zipball/5fe9a9b15707d9bc5178fa7cf0899e904d112ccd",
                "reference": "5fe9a9b15707d9bc5178fa7cf0899e904d112ccd",
                "shasum": ""
            },
            "require": {
                "php": "^7.1 || ^8.0",
                "phpstan/phpstan": "^0.12.85"
            },
            "conflict": {
                "doctrine/collections": "<1.0",
                "doctrine/common": "<2.7",
                "doctrine/mongodb-odm": "<1.2",
                "doctrine/orm": "<2.5",
                "doctrine/persistence": "<1.3"
            },
            "require-dev": {
                "doctrine/annotations": "^1.11.0",
                "doctrine/collections": "^1.6",
                "doctrine/common": "^2.7 || ^3.0",
                "doctrine/dbal": "^2.13.1",
                "doctrine/mongodb-odm": "^1.3 || ^2.1",
                "doctrine/orm": "^2.9.1",
                "doctrine/persistence": "^1.1 || ^2.0",
                "nesbot/carbon": "^2.49",
                "php-parallel-lint/php-parallel-lint": "^1.2",
                "phpstan/phpstan-phpunit": "^0.12.16",
                "phpstan/phpstan-strict-rules": "^0.12.5",
                "phpunit/phpunit": "^9.5",
                "ramsey/uuid-doctrine": "^1.5.0"
            },
            "type": "phpstan-extension",
            "extra": {
                "branch-alias": {
                    "dev-master": "0.12-dev"
                },
                "phpstan": {
                    "includes": [
                        "extension.neon",
                        "rules.neon"
                    ]
                }
            },
            "autoload": {
                "psr-4": {
                    "PHPStan\\": "src/"
                }
            },
            "notification-url": "https://packagist.org/downloads/",
            "license": [
                "MIT"
            ],
            "description": "Doctrine extensions for PHPStan",
            "support": {
                "issues": "https://github.com/phpstan/phpstan-doctrine/issues",
                "source": "https://github.com/phpstan/phpstan-doctrine/tree/0.12.44"
            },
            "time": "2021-09-01T06:46:16+00:00"
        },
        {
            "name": "phpstan/phpstan-phpunit",
            "version": "0.12.22",
            "source": {
                "type": "git",
                "url": "https://github.com/phpstan/phpstan-phpunit.git",
                "reference": "7c01ef93bf128b4ac8bdad38c54b2a4fd6b0b3cc"
            },
            "dist": {
                "type": "zip",
                "url": "https://api.github.com/repos/phpstan/phpstan-phpunit/zipball/7c01ef93bf128b4ac8bdad38c54b2a4fd6b0b3cc",
                "reference": "7c01ef93bf128b4ac8bdad38c54b2a4fd6b0b3cc",
                "shasum": ""
            },
            "require": {
                "php": "^7.1 || ^8.0",
                "phpstan/phpstan": "^0.12.92"
            },
            "conflict": {
                "phpunit/phpunit": "<7.0"
            },
            "require-dev": {
                "php-parallel-lint/php-parallel-lint": "^1.2",
                "phpstan/phpstan-strict-rules": "^0.12.6",
                "phpunit/phpunit": "^9.5"
            },
            "type": "phpstan-extension",
            "extra": {
                "branch-alias": {
                    "dev-master": "0.12-dev"
                },
                "phpstan": {
                    "includes": [
                        "extension.neon",
                        "rules.neon"
                    ]
                }
            },
            "autoload": {
                "psr-4": {
                    "PHPStan\\": "src/"
                }
            },
            "notification-url": "https://packagist.org/downloads/",
            "license": [
                "MIT"
            ],
            "description": "PHPUnit extensions and rules for PHPStan",
            "support": {
                "issues": "https://github.com/phpstan/phpstan-phpunit/issues",
                "source": "https://github.com/phpstan/phpstan-phpunit/tree/0.12.22"
            },
            "time": "2021-08-12T10:53:43+00:00"
        },
        {
            "name": "phpstan/phpstan-symfony",
            "version": "0.12.44",
            "source": {
                "type": "git",
                "url": "https://github.com/phpstan/phpstan-symfony.git",
                "reference": "c1627fce5b505b3f53d9d4fbd4d7963603305f98"
            },
            "dist": {
                "type": "zip",
                "url": "https://api.github.com/repos/phpstan/phpstan-symfony/zipball/c1627fce5b505b3f53d9d4fbd4d7963603305f98",
                "reference": "c1627fce5b505b3f53d9d4fbd4d7963603305f98",
                "shasum": ""
            },
            "require": {
                "ext-simplexml": "*",
                "php": "^7.1 || ^8.0",
                "phpstan/phpstan": "^0.12.98"
            },
            "conflict": {
                "symfony/framework-bundle": "<3.0"
            },
            "require-dev": {
                "php-parallel-lint/php-parallel-lint": "^1.2",
                "phpstan/phpstan-phpunit": "^0.12.16",
                "phpstan/phpstan-strict-rules": "^0.12.5",
                "phpunit/phpunit": "^9.5",
                "symfony/config": "^4.2 || ^5.0",
                "symfony/console": "^4.0 || ^5.0",
                "symfony/framework-bundle": "^4.4 || ^5.0",
                "symfony/http-foundation": "^4.0 || ^5.0",
                "symfony/messenger": "^4.2 || ^5.0",
                "symfony/serializer": "^4.0 || ^5.0"
            },
            "type": "phpstan-extension",
            "extra": {
                "branch-alias": {
                    "dev-master": "0.12-dev"
                },
                "phpstan": {
                    "includes": [
                        "extension.neon",
                        "rules.neon"
                    ]
                }
            },
            "autoload": {
                "psr-4": {
                    "PHPStan\\": "src/"
                }
            },
            "notification-url": "https://packagist.org/downloads/",
            "license": [
                "MIT"
            ],
            "authors": [
                {
                    "name": "Lukáš Unger",
                    "email": "looky.msc@gmail.com",
                    "homepage": "https://lookyman.net"
                }
            ],
            "description": "Symfony Framework extensions and rules for PHPStan",
            "support": {
                "issues": "https://github.com/phpstan/phpstan-symfony/issues",
                "source": "https://github.com/phpstan/phpstan-symfony/tree/0.12.44"
            },
            "time": "2021-09-02T12:14:11+00:00"
        }
    ],
    "packages-dev": [],
    "aliases": [],
    "minimum-stability": "stable",
    "stability-flags": [],
    "prefer-stable": false,
    "prefer-lowest": false,
    "platform": [],
    "platform-dev": [],
    "platform-overrides": {
        "php": "7.2"
    },
    "plugin-api-version": "2.1.0"
}
